
Microsoft Visual Studio Solution File, Format Version 12.00
# Visual Studio Version 17
VisualStudioVersion = 17.9.34728.123
MinimumVisualStudioVersion = 10.0.40219.1
Project("{9A19103F-16F7-4668-BE54-9A1E7A4F7556}") = "WebHook", "WebHook.csproj", "{23022DCF-4503-4C32-A68A-825D6AF3CBD4}"
EndProject
Global
	GlobalSection(SolutionConfigurationPlatforms) = preSolution
		Debug|Any CPU = Debug|Any CPU
		Release|Any CPU = Release|Any CPU
	EndGlobalSection
	GlobalSection(ProjectConfigurationPlatforms) = postSolution
		{23022DCF-4503-4C32-A68A-825D6AF3CBD4}.Debug|Any CPU.ActiveCfg = Debug|Any CPU
		{23022DCF-4503-4C32-A68A-825D6AF3CBD4}.Debug|Any CPU.Build.0 = Debug|Any CPU
		{23022DCF-4503-4C32-A68A-825D6AF3CBD4}.Release|Any CPU.ActiveCfg = Release|Any CPU
		{23022DCF-4503-4C32-A68A-825D6AF3CBD4}.Release|Any CPU.Build.0 = Release|Any CPU
	EndGlobalSection
	GlobalSection(SolutionProperties) = preSolution
		HideSolutionNode = FALSE
	EndGlobalSection
	GlobalSection(ExtensibilityGlobals) = postSolution
		SolutionGuid = {B0373F1A-7988-42FC-9B32-C6A19703AF2A}
	EndGlobalSection
EndGlobal
